{
    "version": "0.5",
    "requires": [
        "zlib/1.2.13#e377bee636333ae348d51ca90874e353%1682597484.674",
        "libiconv/1.17#fa54397801cd96911a8294bc5fc76335%1675449822.495",
        "libbacktrace/cci.20210118#ec1aa63bbc10145c6a299e68e711670c%1676205469.545",
        "gtest/1.13.0#8a0bc5b3e159ed45de97260c2bff65b5%1684473690.142",
        "bzip2/1.0.8#411fc05e80d47a89045edc1ee6f23c1d%1678293522.814",
        "boost/1.82.0#902463606663219fc8c6d2102f1b8c6a%1685704970.086"
    ],
    "build_requires": [
        "cmake/3.26.4#0b40747e190e755932767f2ec4768ff5%1685461463.385",
        "b2/4.9.6#2e02945ad41739b8051247d14fe8297d%1679927934.674"
    ],
    "python_requires": []
}
